
Microsoft Visual Studio Solution File, Format Version 12.00
# Visual Studio Version 16
VisualStudioVersion = 16.0.30611.23
MinimumVisualStudioVersion = 10.0.40219.1
Project("{FAE04EC0-301F-11D3-BF4B-00C04F79EFBC}") = "Praktikum06", "Praktikum06.csproj", "{2CF88BA2-1FBF-4B99-9E2C-A2EF89AB7F73}"
EndProject
Global
	GlobalSection(SolutionConfigurationPlatforms) = preSolution
		Debug|Any CPU = Debug|Any CPU
		Release|Any CPU = Release|Any CPU
	EndGlobalSection
	GlobalSection(ProjectConfigurationPlatforms) = postSolution
		{2CF88BA2-1FBF-4B99-9E2C-A2EF89AB7F73}.Debug|Any CPU.ActiveCfg = Debug|Any CPU
		{2CF88BA2-1FBF-4B99-9E2C-A2EF89AB7F73}.Debug|Any CPU.Build.0 = Debug|Any CPU
		{2CF88BA2-1FBF-4B99-9E2C-A2EF89AB7F73}.Release|Any CPU.ActiveCfg = Release|Any CPU
		{2CF88BA2-1FBF-4B99-9E2C-A2EF89AB7F73}.Release|Any CPU.Build.0 = Release|Any CPU
	EndGlobalSection
	GlobalSection(SolutionProperties) = preSolution
		HideSolutionNode = FALSE
	EndGlobalSection
	GlobalSection(ExtensibilityGlobals) = postSolution
		SolutionGuid = {4C36DC9D-B07A-4242-871B-D990395060F1}
	EndGlobalSection
EndGlobal
